
Microsoft Visual Studio Solution File, Format Version 12.00
# Visual Studio Version 17
VisualStudioVersion = 17.11.34929.205
MinimumVisualStudioVersion = 10.0.40219.1
Project("{FAE04EC0-301F-11D3-BF4B-00C04F79EFBC}") = "Proyecto 5to Semestre Consola", "Proyecto 5to Semestre Consola\Proyecto 5to Semestre Consola.csproj", "{4CF0738C-FDA4-4C36-A3DF-E59F30FE3161}"
EndProject
Global
	GlobalSection(SolutionConfigurationPlatforms) = preSolution
		Debug|Any CPU = Debug|Any CPU
		Release|Any CPU = Release|Any CPU
	EndGlobalSection
	GlobalSection(ProjectConfigurationPlatforms) = postSolution
		{4CF0738C-FDA4-4C36-A3DF-E59F30FE3161}.Debug|Any CPU.ActiveCfg = Debug|Any CPU
		{4CF0738C-FDA4-4C36-A3DF-E59F30FE3161}.Debug|Any CPU.Build.0 = Debug|Any CPU
		{4CF0738C-FDA4-4C36-A3DF-E59F30FE3161}.Release|Any CPU.ActiveCfg = Release|Any CPU
		{4CF0738C-FDA4-4C36-A3DF-E59F30FE3161}.Release|Any CPU.Build.0 = Release|Any CPU
	EndGlobalSection
	GlobalSection(SolutionProperties) = preSolution
		HideSolutionNode = FALSE
	EndGlobalSection
	GlobalSection(ExtensibilityGlobals) = postSolution
		SolutionGuid = {849BFA49-6092-4ACA-86B4-ED9F61BBC403}
	EndGlobalSection
EndGlobal
